{
    "_meta": {
        "hash": {
            "sha256": "86e50a86a58dcdd5aea4997544f0567c078b9850a118520ef1725a7b34552562"
        },
        "requires": {},
        "sources": [
            {
                "url": "https://pypi.python.org/simple",
                "verify_ssl": true
            }
        ]
    },
    "default": {
        "mistune": {
            "hash": "sha256:9d21a8ad203c6d7253492518fde7e633c561fecd544301017ab4a5929452955b",
            "version": "==0.7.4"
        }
    },
    "develop": {}
}